// !$*UTF8*$!
{
	archiveVersion = 1;
	classes = {
	};
	objectVersion = 51;
	objects = {

/* Begin PBXBuildFile section */
		266DC7D0C6E761837B63673B /* Pods_MessagingApp.framework in Frameworks */ = {isa = PBXBuildFile; fileRef = 3690239FFBE675483F698DF1 /* Pods_MessagingApp.framework */; };
		B842A02525B936F300056A6B /* ImageMediaItem.swift in Sources */ = {isa = PBXBuildFile; fileRef = B842A02425B936F300056A6B /* ImageMediaItem.swift */; };
		B867AAFB25B9E01500AA6C5F /* UIImage+Helper.swift in Sources */ = {isa = PBXBuildFile; fileRef = B867AAFA25B9E01500AA6C5F /* UIImage+Helper.swift */; };
		B88D5F0A25B8AF68003F70A3 /* UIAlertController+Extension.swift in Sources */ = {isa = PBXBuildFile; fileRef = B88D5F0925B8AF68003F70A3 /* UIAlertController+Extension.swift */; };
		B89B7F0E25B4AB43008524EF /* AppDelegate.swift in Sources */ = {isa = PBXBuildFile; fileRef = B89B7F0D25B4AB43008524EF /* AppDelegate.swift */; };
		B89B7F1025B4AB43008524EF /* SceneDelegate.swift in Sources */ = {isa = PBXBuildFile; fileRef = B89B7F0F25B4AB43008524EF /* SceneDelegate.swift */; };
		B89B7F1225B4AB43008524EF /* MessageGroupsVC.swift in Sources */ = {isa = PBXBuildFile; fileRef = B89B7F1125B4AB43008524EF /* MessageGroupsVC.swift */; };
		B89B7F1525B4AB43008524EF /* Main.storyboard in Resources */ = {isa = PBXBuildFile; fileRef = B89B7F1325B4AB43008524EF /* Main.storyboard */; };
		B89B7F1725B4AB44008524EF /* Assets.xcassets in Resources */ = {isa = PBXBuildFile; fileRef = B89B7F1625B4AB44008524EF /* Assets.xcassets */; };
		B89B7F1A25B4AB44008524EF /* LaunchScreen.storyboard in Resources */ = {isa = PBXBuildFile; fileRef = B89B7F1825B4AB44008524EF /* LaunchScreen.storyboard */; };
		B89B7F8E25B50001008524EF /* ChatUser.swift in Sources */ = {isa = PBXBuildFile; fileRef = B89B7F8D25B50001008524EF /* ChatUser.swift */; };
		B89B7F9225B50388008524EF /* Authentication.swift in Sources */ = {isa = PBXBuildFile; fileRef = B89B7F9125B50388008524EF /* Authentication.swift */; };
		B89B7FCA25B50B05008524EF /* GoogleService-Info.plist in Resources */ = {isa = PBXBuildFile; fileRef = B89B7FC925B50B05008524EF /* GoogleService-Info.plist */; };
		B89B7FCD25B514F1008524EF /* MessageGroup.swift in Sources */ = {isa = PBXBuildFile; fileRef = B89B7FCC25B514F1008524EF /* MessageGroup.swift */; };
		B89B7FF225B52961008524EF /* GroupCell.swift in Sources */ = {isa = PBXBuildFile; fileRef = B89B7FF125B52961008524EF /* GroupCell.swift */; };
		B89B7FF525B52AA2008524EF /* MessageGroupsViewModel.swift in Sources */ = {isa = PBXBuildFile; fileRef = B89B7FF425B52AA2008524EF /* MessageGroupsViewModel.swift */; };
		B8A552A025B72EA600CC5A5D /* ChatMessage.swift in Sources */ = {isa = PBXBuildFile; fileRef = B8A5529F25B72EA600CC5A5D /* ChatMessage.swift */; };
		B8B1427425B7412D00B40686 /* ChatMessageVC.swift in Sources */ = {isa = PBXBuildFile; fileRef = B8B1427325B7412D00B40686 /* ChatMessageVC.swift */; };
		B8B1427825B74DC800B40686 /* ChatMessageViewModel.swift in Sources */ = {isa = PBXBuildFile; fileRef = B8B1427725B74DC800B40686 /* ChatMessageViewModel.swift */; };
		B8B1427C25B75ECA00B40686 /* ChatMessageVC+CollectionView.swift in Sources */ = {isa = PBXBuildFile; fileRef = B8B1427B25B75ECA00B40686 /* ChatMessageVC+CollectionView.swift */; };
		B8BB633525B91BB800570215 /* ChatMessageVC+Camera.swift in Sources */ = {isa = PBXBuildFile; fileRef = B8BB633425B91BB800570215 /* ChatMessageVC+Camera.swift */; };
/* End PBXBuildFile section */

/* Begin PBXFileReference section */
		1256E7430172B5C0887931DA /* Pods-MessagingApp.release.xcconfig */ = {isa = PBXFileReference; includeInIndex = 1; lastKnownFileType = text.xcconfig; name = "Pods-MessagingApp.release.xcconfig"; path = "Target Support Files/Pods-MessagingApp/Pods-MessagingApp.release.xcconfig"; sourceTree = "<group>"; };
		142CB54B0562A5B6BA8B53DE /* Pods-MessagingApp.debug.xcconfig */ = {isa = PBXFileReference; includeInIndex = 1; lastKnownFileType = text.xcconfig; name = "Pods-MessagingApp.debug.xcconfig"; path = "Target Support Files/Pods-MessagingApp/Pods-MessagingApp.debug.xcconfig"; sourceTree = "<group>"; };
		2F3EF7CBE627A2DDCC887294 /* Pods-MessageApp.debug.xcconfig */ = {isa = PBXFileReference; includeInIndex = 1; lastKnownFileType = text.xcconfig; name = "Pods-MessageApp.debug.xcconfig"; path = "Target Support Files/Pods-MessageApp/Pods-MessageApp.debug.xcconfig"; sourceTree = "<group>"; };
		3690239FFBE675483F698DF1 /* Pods_MessagingApp.framework */ = {isa = PBXFileReference; explicitFileType = wrapper.framework; includeInIndex = 0; path = Pods_MessagingApp.framework; sourceTree = BUILT_PRODUCTS_DIR; };
		76282CCEE8A55C722FFD441D /* Pods-JayChatApp.debug.xcconfig */ = {isa = PBXFileReference; includeInIndex = 1; lastKnownFileType = text.xcconfig; name = "Pods-JayChatApp.debug.xcconfig"; path = "Target Support Files/Pods-JayChatApp/Pods-JayChatApp.debug.xcconfig"; sourceTree = "<group>"; };
		8576530B1586F1433092FE6D /* Pods-ChatApp.release.xcconfig */ = {isa = PBXFileReference; includeInIndex = 1; lastKnownFileType = text.xcconfig; name = "Pods-ChatApp.release.xcconfig"; path = "Target Support Files/Pods-ChatApp/Pods-ChatApp.release.xcconfig"; sourceTree = "<group>"; };
		B842A02425B936F300056A6B /* ImageMediaItem.swift */ = {isa = PBXFileReference; lastKnownFileType = sourcecode.swift; path = ImageMediaItem.swift; sourceTree = "<group>"; };
		B867AAFA25B9E01500AA6C5F /* UIImage+Helper.swift */ = {isa = PBXFileReference; lastKnownFileType = sourcecode.swift; path = "UIImage+Helper.swift"; sourceTree = "<group>"; };
		B867AAFD25B9E4CC00AA6C5F /* README.md */ = {isa = PBXFileReference; lastKnownFileType = net.daringfireball.markdown; path = README.md; sourceTree = "<group>"; };
		B88D5F0925B8AF68003F70A3 /* UIAlertController+Extension.swift */ = {isa = PBXFileReference; lastKnownFileType = sourcecode.swift; path = "UIAlertController+Extension.swift"; sourceTree = "<group>"; };
		B89B7F0A25B4AB43008524EF /* MessagingApp.app */ = {isa = PBXFileReference; explicitFileType = wrapper.application; includeInIndex = 0; path = MessagingApp.app; sourceTree = BUILT_PRODUCTS_DIR; };
		B89B7F0D25B4AB43008524EF /* AppDelegate.swift */ = {isa = PBXFileReference; lastKnownFileType = sourcecode.swift; path = AppDelegate.swift; sourceTree = "<group>"; };
		B89B7F0F25B4AB43008524EF /* SceneDelegate.swift */ = {isa = PBXFileReference; lastKnownFileType = sourcecode.swift; path = SceneDelegate.swift; sourceTree = "<group>"; };
		B89B7F1125B4AB43008524EF /* MessageGroupsVC.swift */ = {isa = PBXFileReference; lastKnownFileType = sourcecode.swift; path = MessageGroupsVC.swift; sourceTree = "<group>"; };
		B89B7F1425B4AB43008524EF /* Base */ = {isa = PBXFileReference; lastKnownFileType = file.storyboard; name = Base; path = Base.lproj/Main.storyboard; sourceTree = "<group>"; };
		B89B7F1625B4AB44008524EF /* Assets.xcassets */ = {isa = PBXFileReference; lastKnownFileType = folder.assetcatalog; path = Assets.xcassets; sourceTree = "<group>"; };
		B89B7F1925B4AB44008524EF /* Base */ = {isa = PBXFileReference; lastKnownFileType = file.storyboard; name = Base; path = Base.lproj/LaunchScreen.storyboard; sourceTree = "<group>"; };
		B89B7F1B25B4AB44008524EF /* Info.plist */ = {isa = PBXFileReference; lastKnownFileType = text.plist.xml; path = Info.plist; sourceTree = "<group>"; };
		B89B7F8D25B50001008524EF /* ChatUser.swift */ = {isa = PBXFileReference; lastKnownFileType = sourcecode.swift; path = ChatUser.swift; sourceTree = "<group>"; };
		B89B7F9125B50388008524EF /* Authentication.swift */ = {isa = PBXFileReference; lastKnownFileType = sourcecode.swift; path = Authentication.swift; sourceTree = "<group>"; };
		B89B7FC925B50B05008524EF /* GoogleService-Info.plist */ = {isa = PBXFileReference; fileEncoding = 4; lastKnownFileType = text.plist.xml; path = "GoogleService-Info.plist"; sourceTree = "<group>"; };
		B89B7FCC25B514F1008524EF /* MessageGroup.swift */ = {isa = PBXFileReference; lastKnownFileType = sourcecode.swift; path = MessageGroup.swift; sourceTree = "<group>"; };
		B89B7FF125B52961008524EF /* GroupCell.swift */ = {isa = PBXFileReference; lastKnownFileType = sourcecode.swift; path = GroupCell.swift; sourceTree = "<group>"; };
		B89B7FF425B52AA2008524EF /* MessageGroupsViewModel.swift */ = {isa = PBXFileReference; lastKnownFileType = sourcecode.swift; path = MessageGroupsViewModel.swift; sourceTree = "<group>"; };
		B8A5529F25B72EA600CC5A5D /* ChatMessage.swift */ = {isa = PBXFileReference; lastKnownFileType = sourcecode.swift; path = ChatMessage.swift; sourceTree = "<group>"; };
		B8B1427325B7412D00B40686 /* ChatMessageVC.swift */ = {isa = PBXFileReference; lastKnownFileType = sourcecode.swift; path = ChatMessageVC.swift; sourceTree = "<group>"; };
		B8B1427725B74DC800B40686 /* ChatMessageViewModel.swift */ = {isa = PBXFileReference; lastKnownFileType = sourcecode.swift; path = ChatMessageViewModel.swift; sourceTree = "<group>"; };
		B8B1427B25B75ECA00B40686 /* ChatMessageVC+CollectionView.swift */ = {isa = PBXFileReference; lastKnownFileType = sourcecode.swift; path = "ChatMessageVC+CollectionView.swift"; sourceTree = "<group>"; };
		B8BB633425B91BB800570215 /* ChatMessageVC+Camera.swift */ = {isa = PBXFileReference; lastKnownFileType = sourcecode.swift; path = "ChatMessageVC+Camera.swift"; sourceTree = "<group>"; };
		BEFBD4AF2ECEFC959F8EA831 /* Pods-JayChatApp.release.xcconfig */ = {isa = PBXFileReference; includeInIndex = 1; lastKnownFileType = text.xcconfig; name = "Pods-JayChatApp.release.xcconfig"; path = "Target Support Files/Pods-JayChatApp/Pods-JayChatApp.release.xcconfig"; sourceTree = "<group>"; };
		C06AF5684A60D572CDDB74FB /* Pods-ChatApp.debug.xcconfig */ = {isa = PBXFileReference; includeInIndex = 1; lastKnownFileType = text.xcconfig; name = "Pods-ChatApp.debug.xcconfig"; path = "Target Support Files/Pods-ChatApp/Pods-ChatApp.debug.xcconfig"; sourceTree = "<group>"; };
		C16558705F188832B1A4EA47 /* Pods-MessageApp.release.xcconfig */ = {isa = PBXFileReference; includeInIndex = 1; lastKnownFileType = text.xcconfig; name = "Pods-MessageApp.release.xcconfig"; path = "Target Support Files/Pods-MessageApp/Pods-MessageApp.release.xcconfig"; sourceTree = "<group>"; };
/* End PBXFileReference section */

/* Begin PBXFrameworksBuildPhase section */
		B89B7F0725B4AB43008524EF /* Frameworks */ = {
			isa = PBXFrameworksBuildPhase;
			buildActionMask = 2147483647;
			files = (
				266DC7D0C6E761837B63673B /* Pods_MessagingApp.framework in Frameworks */,
			);
			runOnlyForDeploymentPostprocessing = 0;
		};
/* End PBXFrameworksBuildPhase section */

/* Begin PBXGroup section */
		198E20D44B16738A390AC54B /* Frameworks */ = {
			isa = PBXGroup;
			children = (
				3690239FFBE675483F698DF1 /* Pods_MessagingApp.framework */,
			);
			name = Frameworks;
			sourceTree = "<group>";
		};
		B88D5F0825B8AF49003F70A3 /* Utilities */ = {
			isa = PBXGroup;
			children = (
				B88D5F0925B8AF68003F70A3 /* UIAlertController+Extension.swift */,
				B867AAFA25B9E01500AA6C5F /* UIImage+Helper.swift */,
			);
			path = Utilities;
			sourceTree = "<group>";
		};
		B89B7F0125B4AB43008524EF = {
			isa = PBXGroup;
			children = (
				B867AAFD25B9E4CC00AA6C5F /* README.md */,
				B89B7F0C25B4AB43008524EF /* ViewControllers */,
				B89B7FEA25B5290B008524EF /* Cells */,
				B89B7FE825B528EE008524EF /* Service */,
				B89B7F8C25B4FFE4008524EF /* Models */,
				B88D5F0825B8AF49003F70A3 /* Utilities */,
				B89B7F6B25B4B61E008524EF /* Supporting Files */,
				B89B7F0B25B4AB43008524EF /* Products */,
				BD426001491E10918C332454 /* Pods */,
				198E20D44B16738A390AC54B /* Frameworks */,
			);
			sourceTree = "<group>";
		};
		B89B7F0B25B4AB43008524EF /* Products */ = {
			isa = PBXGroup;
			children = (
				B89B7F0A25B4AB43008524EF /* MessagingApp.app */,
			);
			name = Products;
			sourceTree = "<group>";
		};
		B89B7F0C25B4AB43008524EF /* ViewControllers */ = {
			isa = PBXGroup;
			children = (
				B89B7F1125B4AB43008524EF /* MessageGroupsVC.swift */,
				B89B7FF425B52AA2008524EF /* MessageGroupsViewModel.swift */,
				B8B1427325B7412D00B40686 /* ChatMessageVC.swift */,
				B8B1427B25B75ECA00B40686 /* ChatMessageVC+CollectionView.swift */,
				B8BB633425B91BB800570215 /* ChatMessageVC+Camera.swift */,
				B8B1427725B74DC800B40686 /* ChatMessageViewModel.swift */,
			);
			path = ViewControllers;
			sourceTree = "<group>";
		};
		B89B7F6B25B4B61E008524EF /* Supporting Files */ = {
			isa = PBXGroup;
			children = (
				B89B7F1325B4AB43008524EF /* Main.storyboard */,
				B89B7FC925B50B05008524EF /* GoogleService-Info.plist */,
				B89B7F0D25B4AB43008524EF /* AppDelegate.swift */,
				B89B7F0F25B4AB43008524EF /* SceneDelegate.swift */,
				B89B7F1625B4AB44008524EF /* Assets.xcassets */,
				B89B7F1825B4AB44008524EF /* LaunchScreen.storyboard */,
				B89B7F1B25B4AB44008524EF /* Info.plist */,
			);
			path = "Supporting Files";
			sourceTree = "<group>";
		};
		B89B7F8C25B4FFE4008524EF /* Models */ = {
			isa = PBXGroup;
			children = (
				B89B7F8D25B50001008524EF /* ChatUser.swift */,
				B89B7FCC25B514F1008524EF /* MessageGroup.swift */,
				B8A5529F25B72EA600CC5A5D /* ChatMessage.swift */,
				B842A02425B936F300056A6B /* ImageMediaItem.swift */,
			);
			path = Models;
			sourceTree = "<group>";
		};
		B89B7FE825B528EE008524EF /* Service */ = {
			isa = PBXGroup;
			children = (
				B89B7F9125B50388008524EF /* Authentication.swift */,
			);
			path = Service;
			sourceTree = "<group>";
		};
		B89B7FEA25B5290B008524EF /* Cells */ = {
			isa = PBXGroup;
			children = (
				B89B7FF125B52961008524EF /* GroupCell.swift */,
			);
			path = Cells;
			sourceTree = "<group>";
		};
		BD426001491E10918C332454 /* Pods */ = {
			isa = PBXGroup;
			children = (
				76282CCEE8A55C722FFD441D /* Pods-JayChatApp.debug.xcconfig */,
				BEFBD4AF2ECEFC959F8EA831 /* Pods-JayChatApp.release.xcconfig */,
				C06AF5684A60D572CDDB74FB /* Pods-ChatApp.debug.xcconfig */,
				8576530B1586F1433092FE6D /* Pods-ChatApp.release.xcconfig */,
				2F3EF7CBE627A2DDCC887294 /* Pods-MessageApp.debug.xcconfig */,
				C16558705F188832B1A4EA47 /* Pods-MessageApp.release.xcconfig */,
				142CB54B0562A5B6BA8B53DE /* Pods-MessagingApp.debug.xcconfig */,
				1256E7430172B5C0887931DA /* Pods-MessagingApp.release.xcconfig */,
			);
			path = Pods;
			sourceTree = "<group>";
		};
/* End PBXGroup section */

/* Begin PBXNativeTarget section */
		B89B7F0925B4AB43008524EF /* MessagingApp */ = {
			isa = PBXNativeTarget;
			buildConfigurationList = B89B7F1E25B4AB44008524EF /* Build configuration list for PBXNativeTarget "MessagingApp" */;
			buildPhases = (
				C433B62DAECC2E5E9BA151F0 /* [CP] Check Pods Manifest.lock */,
				B89B7F0625B4AB43008524EF /* Sources */,
				B89B7F0725B4AB43008524EF /* Frameworks */,
				B89B7F0825B4AB43008524EF /* Resources */,
				FE3D95399D68044944471FB3 /* [CP] Embed Pods Frameworks */,
			);
			buildRules = (
			);
			dependencies = (
			);
			name = MessagingApp;
			productName = JayChatApp;
			productReference = B89B7F0A25B4AB43008524EF /* MessagingApp.app */;
			productType = "com.apple.product-type.application";
		};
/* End PBXNativeTarget section */

/* Begin PBXProject section */
		B89B7F0225B4AB43008524EF /* Project object */ = {
			isa = PBXProject;
			attributes = {
				LastSwiftUpdateCheck = 1230;
				LastUpgradeCheck = 1230;
				TargetAttributes = {
					B89B7F0925B4AB43008524EF = {
						CreatedOnToolsVersion = 12.3;
					};
				};
			};
			buildConfigurationList = B89B7F0525B4AB43008524EF /* Build configuration list for PBXProject "MessagingApp" */;
			compatibilityVersion = "Xcode 9.3";
			developmentRegion = en;
			hasScannedForEncodings = 0;
			knownRegions = (
				en,
				Base,
			);
			mainGroup = B89B7F0125B4AB43008524EF;
			productRefGroup = B89B7F0B25B4AB43008524EF /* Products */;
			projectDirPath = "";
			projectRoot = "";
			targets = (
				B89B7F0925B4AB43008524EF /* MessagingApp */,
			);
		};
/* End PBXProject section */

/* Begin PBXResourcesBuildPhase section */
		B89B7F0825B4AB43008524EF /* Resources */ = {
			isa = PBXResourcesBuildPhase;
			buildActionMask = 2147483647;
			files = (
				B89B7F1A25B4AB44008524EF /* LaunchScreen.storyboard in Resources */,
				B89B7FCA25B50B05008524EF /* GoogleService-Info.plist in Resources */,
				B89B7F1725B4AB44008524EF /* Assets.xcassets in Resources */,
				B89B7F1525B4AB43008524EF /* Main.storyboard in Resources */,
			);
			runOnlyForDeploymentPostprocessing = 0;
		};
/* End PBXResourcesBuildPhase section */

/* Begin PBXShellScriptBuildPhase section */
		C433B62DAECC2E5E9BA151F0 /* [CP] Check Pods Manifest.lock */ = {
			isa = PBXShellScriptBuildPhase;
			buildActionMask = 2147483647;
			files = (
			);
			inputFileListPaths = (
			);
			inputPaths = (
				"${PODS_PODFILE_DIR_PATH}/Podfile.lock",
				"${PODS_ROOT}/Manifest.lock",
			);
			name = "[CP] Check Pods Manifest.lock";
			outputFileListPaths = (
			);
			outputPaths = (
				"$(DERIVED_FILE_DIR)/Pods-MessagingApp-checkManifestLockResult.txt",
			);
			runOnlyForDeploymentPostprocessing = 0;
			shellPath = /bin/sh;
			shellScript = "diff \"${PODS_PODFILE_DIR_PATH}/Podfile.lock\" \"${PODS_ROOT}/Manifest.lock\" > /dev/null\nif [ $? != 0 ] ; then\n    # print error to STDERR\n    echo \"error: The sandbox is not in sync with the Podfile.lock. Run 'pod install' or update your CocoaPods installation.\" >&2\n    exit 1\nfi\n# This output is used by Xcode 'outputs' to avoid re-running this script phase.\necho \"SUCCESS\" > \"${SCRIPT_OUTPUT_FILE_0}\"\n";
			showEnvVarsInLog = 0;
		};
		FE3D95399D68044944471FB3 /* [CP] Embed Pods Frameworks */ = {
			isa = PBXShellScriptBuildPhase;
			buildActionMask = 2147483647;
			files = (
			);
			inputFileListPaths = (
				"${PODS_ROOT}/Target Support Files/Pods-MessagingApp/Pods-MessagingApp-frameworks-${CONFIGURATION}-input-files.xcfilelist",
			);
			name = "[CP] Embed Pods Frameworks";
			outputFileListPaths = (
				"${PODS_ROOT}/Target Support Files/Pods-MessagingApp/Pods-MessagingApp-frameworks-${CONFIGURATION}-output-files.xcfilelist",
			);
			runOnlyForDeploymentPostprocessing = 0;
			shellPath = /bin/sh;
			shellScript = "\"${PODS_ROOT}/Target Support Files/Pods-MessagingApp/Pods-MessagingApp-frameworks.sh\"\n";
			showEnvVarsInLog = 0;
		};
/* End PBXShellScriptBuildPhase section */

/* Begin PBXSourcesBuildPhase section */
		B89B7F0625B4AB43008524EF /* Sources */ = {
			isa = PBXSourcesBuildPhase;
			buildActionMask = 2147483647;
			files = (
				B89B7F8E25B50001008524EF /* ChatUser.swift in Sources */,
				B8A552A025B72EA600CC5A5D /* ChatMessage.swift in Sources */,
				B89B7FCD25B514F1008524EF /* MessageGroup.swift in Sources */,
				B8B1427825B74DC800B40686 /* ChatMessageViewModel.swift in Sources */,
				B89B7F1225B4AB43008524EF /* MessageGroupsVC.swift in Sources */,
				B8BB633525B91BB800570215 /* ChatMessageVC+Camera.swift in Sources */,
				B89B7F0E25B4AB43008524EF /* AppDelegate.swift in Sources */,
				B8B1427C25B75ECA00B40686 /* ChatMessageVC+CollectionView.swift in Sources */,
				B89B7FF225B52961008524EF /* GroupCell.swift in Sources */,
				B88D5F0A25B8AF68003F70A3 /* UIAlertController+Extension.swift in Sources */,
				B842A02525B936F300056A6B /* ImageMediaItem.swift in Sources */,
				B867AAFB25B9E01500AA6C5F /* UIImage+Helper.swift in Sources */,
				B89B7F9225B50388008524EF /* Authentication.swift in Sources */,
				B89B7FF525B52AA2008524EF /* MessageGroupsViewModel.swift in Sources */,
				B8B1427425B7412D00B40686 /* ChatMessageVC.swift in Sources */,
				B89B7F1025B4AB43008524EF /* SceneDelegate.swift in Sources */,
			);
			runOnlyForDeploymentPostprocessing = 0;
		};
/* End PBXSourcesBuildPhase section */

/* Begin PBXVariantGroup section */
		B89B7F1325B4AB43008524EF /* Main.storyboard */ = {
			isa = PBXVariantGroup;
			children = (
				B89B7F1425B4AB43008524EF /* Base */,
			);
			name = Main.storyboard;
			sourceTree = "<group>";
		};
		B89B7F1825B4AB44008524EF /* LaunchScreen.storyboard */ = {
			isa = PBXVariantGroup;
			children = (
				B89B7F1925B4AB44008524EF /* Base */,
			);
			name = LaunchScreen.storyboard;
			sourceTree = "<group>";
		};
/* End PBXVariantGroup section */

/* Begin XCBuildConfiguration section */
		B89B7F1C25B4AB44008524EF /* Debug */ = {
			isa = XCBuildConfiguration;
			buildSettings = {
				ALWAYS_SEARCH_USER_PATHS = NO;
				CLANG_ANALYZER_NONNULL = YES;
				CLANG_ANALYZER_NUMBER_OBJECT_CONVERSION = YES_AGGRESSIVE;
				CLANG_CXX_LANGUAGE_STANDARD = "gnu++14";
				CLANG_CXX_LIBRARY = "libc++";
				CLANG_ENABLE_MODULES = YES;
				CLANG_ENABLE_OBJC_ARC = YES;
				CLANG_ENABLE_OBJC_WEAK = YES;
				CLANG_WARN_BLOCK_CAPTURE_AUTORELEASING = YES;
				CLANG_WARN_BOOL_CONVERSION = YES;
				CLANG_WARN_COMMA = YES;
				CLANG_WARN_CONSTANT_CONVERSION = YES;
				CLANG_WARN_DEPRECATED_OBJC_IMPLEMENTATIONS = YES;
				CLANG_WARN_DIRECT_OBJC_ISA_USAGE = YES_ERROR;
				CLANG_WARN_DOCUMENTATION_COMMENTS = YES;
				CLANG_WARN_EMPTY_BODY = YES;
				CLANG_WARN_ENUM_CONVERSION = YES;
				CLANG_WARN_INFINITE_RECURSION = YES;
				CLANG_WARN_INT_CONVERSION = YES;
				CLANG_WARN_NON_LITERAL_NULL_CONVERSION = YES;
				CLANG_WARN_OBJC_IMPLICIT_RETAIN_SELF = YES;
				CLANG_WARN_OBJC_LITERAL_CONVERSION = YES;
				CLANG_WARN_OBJC_ROOT_CLASS = YES_ERROR;
				CLANG_WARN_QUOTED_INCLUDE_IN_FRAMEWORK_HEADER = YES;
				CLANG_WARN_RANGE_LOOP_ANALYSIS = YES;
				CLANG_WARN_STRICT_PROTOTYPES = YES;
				CLANG_WARN_SUSPICIOUS_MOVE = YES;
				CLANG_WARN_UNGUARDED_AVAILABILITY = YES_AGGRESSIVE;
				CLANG_WARN_UNREACHABLE_CODE = YES;
				CLANG_WARN__DUPLICATE_METHOD_MATCH = YES;
				COPY_PHASE_STRIP = NO;
				DEBUG_INFORMATION_FORMAT = dwarf;
				ENABLE_STRICT_OBJC_MSGSEND = YES;
				ENABLE_TESTABILITY = YES;
				GCC_C_LANGUAGE_STANDARD = gnu11;
				GCC_DYNAMIC_NO_PIC = NO;
				GCC_NO_COMMON_BLOCKS = YES;
				GCC_OPTIMIZATION_LEVEL = 0;
				GCC_PREPROCESSOR_DEFINITIONS = (
					"DEBUG=1",
					"$(inherited)",
				);
				GCC_WARN_64_TO_32_BIT_CONVERSION = YES;
				GCC_WARN_ABOUT_RETURN_TYPE = YES_ERROR;
				GCC_WARN_UNDECLARED_SELECTOR = YES;
				GCC_WARN_UNINITIALIZED_AUTOS = YES_AGGRESSIVE;
				GCC_WARN_UNUSED_FUNCTION = YES;
				GCC_WARN_UNUSED_VARIABLE = YES;
				IPHONEOS_DEPLOYMENT_TARGET = 14.3;
				MTL_ENABLE_DEBUG_INFO = INCLUDE_SOURCE;
				MTL_FAST_MATH = YES;
				ONLY_ACTIVE_ARCH = YES;
				SDKROOT = iphoneos;
				SWIFT_ACTIVE_COMPILATION_CONDITIONS = DEBUG;
				SWIFT_OPTIMIZATION_LEVEL = "-Onone";
			};
			name = Debug;
		};
		B89B7F1D25B4AB44008524EF /* Release */ = {
			isa = XCBuildConfiguration;
			buildSettings = {
				ALWAYS_SEARCH_USER_PATHS = NO;
				CLANG_ANALYZER_NONNULL = YES;
				CLANG_ANALYZER_NUMBER_OBJECT_CONVERSION = YES_AGGRESSIVE;
				CLANG_CXX_LANGUAGE_STANDARD = "gnu++14";
				CLANG_CXX_LIBRARY = "libc++";
				CLANG_ENABLE_MODULES = YES;
				CLANG_ENABLE_OBJC_ARC = YES;
				CLANG_ENABLE_OBJC_WEAK = YES;
				CLANG_WARN_BLOCK_CAPTURE_AUTORELEASING = YES;
				CLANG_WARN_BOOL_CONVERSION = YES;
				CLANG_WARN_COMMA = YES;
				CLANG_WARN_CONSTANT_CONVERSION = YES;
				CLANG_WARN_DEPRECATED_OBJC_IMPLEMENTATIONS = YES;
				CLANG_WARN_DIRECT_OBJC_ISA_USAGE = YES_ERROR;
				CLANG_WARN_DOCUMENTATION_COMMENTS = YES;
				CLANG_WARN_EMPTY_BODY = YES;
				CLANG_WARN_ENUM_CONVERSION = YES;
				CLANG_WARN_INFINITE_RECURSION = YES;
				CLANG_WARN_INT_CONVERSION = YES;
				CLANG_WARN_NON_LITERAL_NULL_CONVERSION = YES;
				CLANG_WARN_OBJC_IMPLICIT_RETAIN_SELF = YES;
				CLANG_WARN_OBJC_LITERAL_CONVERSION = YES;
				CLANG_WARN_OBJC_ROOT_CLASS = YES_ERROR;
				CLANG_WARN_QUOTED_INCLUDE_IN_FRAMEWORK_HEADER = YES;
				CLANG_WARN_RANGE_LOOP_ANALYSIS = YES;
				CLANG_WARN_STRICT_PROTOTYPES = YES;
				CLANG_WARN_SUSPICIOUS_MOVE = YES;
				CLANG_WARN_UNGUARDED_AVAILABILITY = YES_AGGRESSIVE;
				CLANG_WARN_UNREACHABLE_CODE = YES;
				CLANG_WARN__DUPLICATE_METHOD_MATCH = YES;
				COPY_PHASE_STRIP = NO;
				DEBUG_INFORMATION_FORMAT = "dwarf-with-dsym";
				ENABLE_NS_ASSERTIONS = NO;
				ENABLE_STRICT_OBJC_MSGSEND = YES;
				GCC_C_LANGUAGE_STANDARD = gnu11;
				GCC_NO_COMMON_BLOCKS = YES;
				GCC_WARN_64_TO_32_BIT_CONVERSION = YES;
				GCC_WARN_ABOUT_RETURN_TYPE = YES_ERROR;
				GCC_WARN_UNDECLARED_SELECTOR = YES;
				GCC_WARN_UNINITIALIZED_AUTOS = YES_AGGRESSIVE;
				GCC_WARN_UNUSED_FUNCTION = YES;
				GCC_WARN_UNUSED_VARIABLE = YES;
				IPHONEOS_DEPLOYMENT_TARGET = 14.3;
				MTL_ENABLE_DEBUG_INFO = NO;
				MTL_FAST_MATH = YES;
				SDKROOT = iphoneos;
				SWIFT_COMPILATION_MODE = wholemodule;
				SWIFT_OPTIMIZATION_LEVEL = "-O";
				VALIDATE_PRODUCT = YES;
			};
			name = Release;
		};
		B89B7F1F25B4AB44008524EF /* Debug */ = {
			isa = XCBuildConfiguration;
			baseConfigurationReference = 142CB54B0562A5B6BA8B53DE /* Pods-MessagingApp.debug.xcconfig */;
			buildSettings = {
				ASSETCATALOG_COMPILER_APPICON_NAME = AppIcon;
				ASSETCATALOG_COMPILER_GLOBAL_ACCENT_COLOR_NAME = AccentColor;
				CODE_SIGN_IDENTITY = "Apple Development";
				CODE_SIGN_STYLE = Automatic;
				DEVELOPMENT_TEAM = QP8Z378EKD;
				INFOPLIST_FILE = "Supporting Files/Info.plist";
				LD_RUNPATH_SEARCH_PATHS = (
					"$(inherited)",
					"@executable_path/Frameworks",
				);
				PRODUCT_BUNDLE_IDENTIFIER = com.glintpod.MessagingApp;
				PRODUCT_NAME = "$(TARGET_NAME)";
				PROVISIONING_PROFILE_SPECIFIER = "";
				SWIFT_VERSION = 5.0;
				TARGETED_DEVICE_FAMILY = 1;
			};
			name = Debug;
		};
		B89B7F2025B4AB44008524EF /* Release */ = {
			isa = XCBuildConfiguration;
			baseConfigurationReference = 1256E7430172B5C0887931DA /* Pods-MessagingApp.release.xcconfig */;
			buildSettings = {
				ASSETCATALOG_COMPILER_APPICON_NAME = AppIcon;
				ASSETCATALOG_COMPILER_GLOBAL_ACCENT_COLOR_NAME = AccentColor;
				CODE_SIGN_IDENTITY = "Apple Development";
				CODE_SIGN_STYLE = Automatic;
				DEVELOPMENT_TEAM = QP8Z378EKD;
				INFOPLIST_FILE = "Supporting Files/Info.plist";
				LD_RUNPATH_SEARCH_PATHS = (
					"$(inherited)",
					"@executable_path/Frameworks",
				);
				PRODUCT_BUNDLE_IDENTIFIER = com.glintpod.MessagingApp;
				PRODUCT_NAME = "$(TARGET_NAME)";
				PROVISIONING_PROFILE_SPECIFIER = "";
				SWIFT_VERSION = 5.0;
				TARGETED_DEVICE_FAMILY = 1;
			};
			name = Release;
		};
/* End XCBuildConfiguration section */

/* Begin XCConfigurationList section */
		B89B7F0525B4AB43008524EF /* Build configuration list for PBXProject "MessagingApp" */ = {
			isa = XCConfigurationList;
			buildConfigurations = (
				B89B7F1C25B4AB44008524EF /* Debug */,
				B89B7F1D25B4AB44008524EF /* Release */,
			);
			defaultConfigurationIsVisible = 0;
			defaultConfigurationName = Release;
		};
		B89B7F1E25B4AB44008524EF /* Build configuration list for PBXNativeTarget "MessagingApp" */ = {
			isa = XCConfigurationList;
			buildConfigurations = (
				B89B7F1F25B4AB44008524EF /* Debug */,
				B89B7F2025B4AB44008524EF /* Release */,
			);
			defaultConfigurationIsVisible = 0;
			defaultConfigurationName = Release;
		};
/* End XCConfigurationList section */
	};
	rootObject = B89B7F0225B4AB43008524EF /* Project object */;
}
